// !$*UTF8*$!
{
	archiveVersion = 1;
	classes = {
	};
	objectVersion = 55;
	objects = {

/* Begin PBXBuildFile section */
		541E360D2837F63000D8B350 /* AppDelegate.swift in Sources */ = {isa = PBXBuildFile; fileRef = 541E360C2837F63000D8B350 /* AppDelegate.swift */; };
		541E360F2837F63000D8B350 /* SceneDelegate.swift in Sources */ = {isa = PBXBuildFile; fileRef = 541E360E2837F63000D8B350 /* SceneDelegate.swift */; };
		541E36142837F63000D8B350 /* Main.storyboard in Resources */ = {isa = PBXBuildFile; fileRef = 541E36122837F63000D8B350 /* Main.storyboard */; };
		541E36162837F63300D8B350 /* Assets.xcassets in Resources */ = {isa = PBXBuildFile; fileRef = 541E36152837F63300D8B350 /* Assets.xcassets */; };
		541E36192837F63300D8B350 /* LaunchScreen.storyboard in Resources */ = {isa = PBXBuildFile; fileRef = 541E36172837F63300D8B350 /* LaunchScreen.storyboard */; };
		541E36212837F9DB00D8B350 /* Books.swift in Sources */ = {isa = PBXBuildFile; fileRef = 541E36202837F9DB00D8B350 /* Books.swift */; };
		541E36242837FCAA00D8B350 /* BookController.swift in Sources */ = {isa = PBXBuildFile; fileRef = 541E36232837FCAA00D8B350 /* BookController.swift */; };
		541E362C283813BD00D8B350 /* BooksListViewController.swift in Sources */ = {isa = PBXBuildFile; fileRef = 541E362B283813BD00D8B350 /* BooksListViewController.swift */; };
		541E362E283819B300D8B350 /* BooksDetailViewController.swift in Sources */ = {isa = PBXBuildFile; fileRef = 541E362D283819B300D8B350 /* BooksDetailViewController.swift */; };
/* End PBXBuildFile section */

/* Begin PBXFileReference section */
		541E36092837F63000D8B350 /* assessment-bookshelf.app */ = {isa = PBXFileReference; explicitFileType = wrapper.application; includeInIndex = 0; path = "assessment-bookshelf.app"; sourceTree = BUILT_PRODUCTS_DIR; };
		541E360C2837F63000D8B350 /* AppDelegate.swift */ = {isa = PBXFileReference; lastKnownFileType = sourcecode.swift; path = AppDelegate.swift; sourceTree = "<group>"; };
		541E360E2837F63000D8B350 /* SceneDelegate.swift */ = {isa = PBXFileReference; lastKnownFileType = sourcecode.swift; path = SceneDelegate.swift; sourceTree = "<group>"; };
		541E36132837F63000D8B350 /* Base */ = {isa = PBXFileReference; lastKnownFileType = file.storyboard; name = Base; path = Base.lproj/Main.storyboard; sourceTree = "<group>"; };
		541E36152837F63300D8B350 /* Assets.xcassets */ = {isa = PBXFileReference; lastKnownFileType = folder.assetcatalog; path = Assets.xcassets; sourceTree = "<group>"; };
		541E36182837F63300D8B350 /* Base */ = {isa = PBXFileReference; lastKnownFileType = file.storyboard; name = Base; path = Base.lproj/LaunchScreen.storyboard; sourceTree = "<group>"; };
		541E361A2837F63300D8B350 /* Info.plist */ = {isa = PBXFileReference; lastKnownFileType = text.plist.xml; path = Info.plist; sourceTree = "<group>"; };
		541E36202837F9DB00D8B350 /* Books.swift */ = {isa = PBXFileReference; lastKnownFileType = sourcecode.swift; path = Books.swift; sourceTree = "<group>"; };
		541E36232837FCAA00D8B350 /* BookController.swift */ = {isa = PBXFileReference; lastKnownFileType = sourcecode.swift; path = BookController.swift; sourceTree = "<group>"; };
		541E362B283813BD00D8B350 /* BooksListViewController.swift */ = {isa = PBXFileReference; lastKnownFileType = sourcecode.swift; path = BooksListViewController.swift; sourceTree = "<group>"; };
		541E362D283819B300D8B350 /* BooksDetailViewController.swift */ = {isa = PBXFileReference; lastKnownFileType = sourcecode.swift; path = BooksDetailViewController.swift; sourceTree = "<group>"; };
/* End PBXFileReference section */

/* Begin PBXFrameworksBuildPhase section */
		541E36062837F63000D8B350 /* Frameworks */ = {
			isa = PBXFrameworksBuildPhase;
			buildActionMask = 2147483647;
			files = (
			);
			runOnlyForDeploymentPostprocessing = 0;
		};
/* End PBXFrameworksBuildPhase section */

/* Begin PBXGroup section */
		541E36002837F63000D8B350 = {
			isa = PBXGroup;
			children = (
				541E36252837FCBB00D8B350 /* Model Controller */,
				541E36222837F9E300D8B350 /* Model */,
				541E360B2837F63000D8B350 /* assessment-bookshelf */,
				541E360A2837F63000D8B350 /* Products */,
			);
			sourceTree = "<group>";
		};
		541E360A2837F63000D8B350 /* Products */ = {
			isa = PBXGroup;
			children = (
				541E36092837F63000D8B350 /* assessment-bookshelf.app */,
			);
			name = Products;
			sourceTree = "<group>";
		};
		541E360B2837F63000D8B350 /* assessment-bookshelf */ = {
			isa = PBXGroup;
			children = (
				541E360C2837F63000D8B350 /* AppDelegate.swift */,
				541E360E2837F63000D8B350 /* SceneDelegate.swift */,
				541E36122837F63000D8B350 /* Main.storyboard */,
				541E36282838125100D8B350 /* View Controllers */,
				541E36152837F63300D8B350 /* Assets.xcassets */,
				541E36172837F63300D8B350 /* LaunchScreen.storyboard */,
				541E361A2837F63300D8B350 /* Info.plist */,
			);
			path = "assessment-bookshelf";
			sourceTree = "<group>";
		};
		541E36222837F9E300D8B350 /* Model */ = {
			isa = PBXGroup;
			children = (
				541E36202837F9DB00D8B350 /* Books.swift */,
			);
			name = Model;
			sourceTree = "<group>";
		};
		541E36252837FCBB00D8B350 /* Model Controller */ = {
			isa = PBXGroup;
			children = (
				541E36232837FCAA00D8B350 /* BookController.swift */,
			);
			path = "Model Controller";
			sourceTree = "<group>";
		};
		541E36282838125100D8B350 /* View Controllers */ = {
			isa = PBXGroup;
			children = (
				541E362B283813BD00D8B350 /* BooksListViewController.swift */,
				541E362D283819B300D8B350 /* BooksDetailViewController.swift */,
			);
			path = "View Controllers";
			sourceTree = "<group>";
		};
/* End PBXGroup section */

/* Begin PBXNativeTarget section */
		541E36082837F63000D8B350 /* assessment-bookshelf */ = {
			isa = PBXNativeTarget;
			buildConfigurationList = 541E361D2837F63300D8B350 /* Build configuration list for PBXNativeTarget "assessment-bookshelf" */;
			buildPhases = (
				541E36052837F63000D8B350 /* Sources */,
				541E36062837F63000D8B350 /* Frameworks */,
				541E36072837F63000D8B350 /* Resources */,
			);
			buildRules = (
			);
			dependencies = (
			);
			name = "assessment-bookshelf";
			productName = "assessment-bookshelf";
			productReference = 541E36092837F63000D8B350 /* assessment-bookshelf.app */;
			productType = "com.apple.product-type.application";
		};
/* End PBXNativeTarget section */

/* Begin PBXProject section */
		541E36012837F63000D8B350 /* Project object */ = {
			isa = PBXProject;
			attributes = {
				BuildIndependentTargetsInParallel = 1;
				LastSwiftUpdateCheck = 1320;
				LastUpgradeCheck = 1320;
				TargetAttributes = {
					541E36082837F63000D8B350 = {
						CreatedOnToolsVersion = 13.2.1;
					};
				};
			};
			buildConfigurationList = 541E36042837F63000D8B350 /* Build configuration list for PBXProject "assessment-bookshelf" */;
			compatibilityVersion = "Xcode 13.0";
			developmentRegion = en;
			hasScannedForEncodings = 0;
			knownRegions = (
				en,
				Base,
			);
			mainGroup = 541E36002837F63000D8B350;
			productRefGroup = 541E360A2837F63000D8B350 /* Products */;
			projectDirPath = "";
			projectRoot = "";
			targets = (
				541E36082837F63000D8B350 /* assessment-bookshelf */,
			);
		};
/* End PBXProject section */

/* Begin PBXResourcesBuildPhase section */
		541E36072837F63000D8B350 /* Resources */ = {
			isa = PBXResourcesBuildPhase;
			buildActionMask = 2147483647;
			files = (
				541E36192837F63300D8B350 /* LaunchScreen.storyboard in Resources */,
				541E36162837F63300D8B350 /* Assets.xcassets in Resources */,
				541E36142837F63000D8B350 /* Main.storyboard in Resources */,
			);
			runOnlyForDeploymentPostprocessing = 0;
		};
/* End PBXResourcesBuildPhase section */

/* Begin PBXSourcesBuildPhase section */
		541E36052837F63000D8B350 /* Sources */ = {
			isa = PBXSourcesBuildPhase;
			buildActionMask = 2147483647;
			files = (
				541E362E283819B300D8B350 /* BooksDetailViewController.swift in Sources */,
				541E36212837F9DB00D8B350 /* Books.swift in Sources */,
				541E36242837FCAA00D8B350 /* BookController.swift in Sources */,
				541E362C283813BD00D8B350 /* BooksListViewController.swift in Sources */,
				541E360D2837F63000D8B350 /* AppDelegate.swift in Sources */,
				541E360F2837F63000D8B350 /* SceneDelegate.swift in Sources */,
			);
			runOnlyForDeploymentPostprocessing = 0;
		};
/* End PBXSourcesBuildPhase section */

/* Begin PBXVariantGroup section */
		541E36122837F63000D8B350 /* Main.storyboard */ = {
			isa = PBXVariantGroup;
			children = (
				541E36132837F63000D8B350 /* Base */,
			);
			name = Main.storyboard;
			sourceTree = "<group>";
		};
		541E36172837F63300D8B350 /* LaunchScreen.storyboard */ = {
			isa = PBXVariantGroup;
			children = (
				541E36182837F63300D8B350 /* Base */,
			);
			name = LaunchScreen.storyboard;
			sourceTree = "<group>";
		};
/* End PBXVariantGroup section */

/* Begin XCBuildConfiguration section */
		541E361B2837F63300D8B350 /* Debug */ = {
			isa = XCBuildConfiguration;
			buildSettings = {
				ALWAYS_SEARCH_USER_PATHS = NO;
				CLANG_ANALYZER_NONNULL = YES;
				CLANG_ANALYZER_NUMBER_OBJECT_CONVERSION = YES_AGGRESSIVE;
				CLANG_CXX_LANGUAGE_STANDARD = "gnu++17";
				CLANG_CXX_LIBRARY = "libc++";
				CLANG_ENABLE_MODULES = YES;
				CLANG_ENABLE_OBJC_ARC = YES;
				CLANG_ENABLE_OBJC_WEAK = YES;
				CLANG_WARN_BLOCK_CAPTURE_AUTORELEASING = YES;
				CLANG_WARN_BOOL_CONVERSION = YES;
				CLANG_WARN_COMMA = YES;
				CLANG_WARN_CONSTANT_CONVERSION = YES;
				CLANG_WARN_DEPRECATED_OBJC_IMPLEMENTATIONS = YES;
				CLANG_WARN_DIRECT_OBJC_ISA_USAGE = YES_ERROR;
				CLANG_WARN_DOCUMENTATION_COMMENTS = YES;
				CLANG_WARN_EMPTY_BODY = YES;
				CLANG_WARN_ENUM_CONVERSION = YES;
				CLANG_WARN_INFINITE_RECURSION = YES;
				CLANG_WARN_INT_CONVERSION = YES;
				CLANG_WARN_NON_LITERAL_NULL_CONVERSION = YES;
				CLANG_WARN_OBJC_IMPLICIT_RETAIN_SELF = YES;
				CLANG_WARN_OBJC_LITERAL_CONVERSION = YES;
				CLANG_WARN_OBJC_ROOT_CLASS = YES_ERROR;
				CLANG_WARN_QUOTED_INCLUDE_IN_FRAMEWORK_HEADER = YES;
				CLANG_WARN_RANGE_LOOP_ANALYSIS = YES;
				CLANG_WARN_STRICT_PROTOTYPES = YES;
				CLANG_WARN_SUSPICIOUS_MOVE = YES;
				CLANG_WARN_UNGUARDED_AVAILABILITY = YES_AGGRESSIVE;
				CLANG_WARN_UNREACHABLE_CODE = YES;
				CLANG_WARN__DUPLICATE_METHOD_MATCH = YES;
				COPY_PHASE_STRIP = NO;
				DEBUG_INFORMATION_FORMAT = dwarf;
				ENABLE_STRICT_OBJC_MSGSEND = YES;
				ENABLE_TESTABILITY = YES;
				GCC_C_LANGUAGE_STANDARD = gnu11;
				GCC_DYNAMIC_NO_PIC = NO;
				GCC_NO_COMMON_BLOCKS = YES;
				GCC_OPTIMIZATION_LEVEL = 0;
				GCC_PREPROCESSOR_DEFINITIONS = (
					"DEBUG=1",
					"$(inherited)",
				);
				GCC_WARN_64_TO_32_BIT_CONVERSION = YES;
				GCC_WARN_ABOUT_RETURN_TYPE = YES_ERROR;
				GCC_WARN_UNDECLARED_SELECTOR = YES;
				GCC_WARN_UNINITIALIZED_AUTOS = YES_AGGRESSIVE;
				GCC_WARN_UNUSED_FUNCTION = YES;
				GCC_WARN_UNUSED_VARIABLE = YES;
				IPHONEOS_DEPLOYMENT_TARGET = 15.2;
				MTL_ENABLE_DEBUG_INFO = INCLUDE_SOURCE;
				MTL_FAST_MATH = YES;
				ONLY_ACTIVE_ARCH = YES;
				SDKROOT = iphoneos;
				SWIFT_ACTIVE_COMPILATION_CONDITIONS = DEBUG;
				SWIFT_OPTIMIZATION_LEVEL = "-Onone";
			};
			name = Debug;
		};
		541E361C2837F63300D8B350 /* Release */ = {
			isa = XCBuildConfiguration;
			buildSettings = {
				ALWAYS_SEARCH_USER_PATHS = NO;
				CLANG_ANALYZER_NONNULL = YES;
				CLANG_ANALYZER_NUMBER_OBJECT_CONVERSION = YES_AGGRESSIVE;
				CLANG_CXX_LANGUAGE_STANDARD = "gnu++17";
				CLANG_CXX_LIBRARY = "libc++";
				CLANG_ENABLE_MODULES = YES;
				CLANG_ENABLE_OBJC_ARC = YES;
				CLANG_ENABLE_OBJC_WEAK = YES;
				CLANG_WARN_BLOCK_CAPTURE_AUTORELEASING = YES;
				CLANG_WARN_BOOL_CONVERSION = YES;
				CLANG_WARN_COMMA = YES;
				CLANG_WARN_CONSTANT_CONVERSION = YES;
				CLANG_WARN_DEPRECATED_OBJC_IMPLEMENTATIONS = YES;
				CLANG_WARN_DIRECT_OBJC_ISA_USAGE = YES_ERROR;
				CLANG_WARN_DOCUMENTATION_COMMENTS = YES;
				CLANG_WARN_EMPTY_BODY = YES;
				CLANG_WARN_ENUM_CONVERSION = YES;
				CLANG_WARN_INFINITE_RECURSION = YES;
				CLANG_WARN_INT_CONVERSION = YES;
				CLANG_WARN_NON_LITERAL_NULL_CONVERSION = YES;
				CLANG_WARN_OBJC_IMPLICIT_RETAIN_SELF = YES;
				CLANG_WARN_OBJC_LITERAL_CONVERSION = YES;
				CLANG_WARN_OBJC_ROOT_CLASS = YES_ERROR;
				CLANG_WARN_QUOTED_INCLUDE_IN_FRAMEWORK_HEADER = YES;
				CLANG_WARN_RANGE_LOOP_ANALYSIS = YES;
				CLANG_WARN_STRICT_PROTOTYPES = YES;
				CLANG_WARN_SUSPICIOUS_MOVE = YES;
				CLANG_WARN_UNGUARDED_AVAILABILITY = YES_AGGRESSIVE;
				CLANG_WARN_UNREACHABLE_CODE = YES;
				CLANG_WARN__DUPLICATE_METHOD_MATCH = YES;
				COPY_PHASE_STRIP = NO;
				DEBUG_INFORMATION_FORMAT = "dwarf-with-dsym";
				ENABLE_NS_ASSERTIONS = NO;
				ENABLE_STRICT_OBJC_MSGSEND = YES;
				GCC_C_LANGUAGE_STANDARD = gnu11;
				GCC_NO_COMMON_BLOCKS = YES;
				GCC_WARN_64_TO_32_BIT_CONVERSION = YES;
				GCC_WARN_ABOUT_RETURN_TYPE = YES_ERROR;
				GCC_WARN_UNDECLARED_SELECTOR = YES;
				GCC_WARN_UNINITIALIZED_AUTOS = YES_AGGRESSIVE;
				GCC_WARN_UNUSED_FUNCTION = YES;
				GCC_WARN_UNUSED_VARIABLE = YES;
				IPHONEOS_DEPLOYMENT_TARGET = 15.2;
				MTL_ENABLE_DEBUG_INFO = NO;
				MTL_FAST_MATH = YES;
				SDKROOT = iphoneos;
				SWIFT_COMPILATION_MODE = wholemodule;
				SWIFT_OPTIMIZATION_LEVEL = "-O";
				VALIDATE_PRODUCT = YES;
			};
			name = Release;
		};
		541E361E2837F63300D8B350 /* Debug */ = {
			isa = XCBuildConfiguration;
			buildSettings = {
				ASSETCATALOG_COMPILER_APPICON_NAME = AppIcon;
				ASSETCATALOG_COMPILER_GLOBAL_ACCENT_COLOR_NAME = AccentColor;
				CODE_SIGN_STYLE = Automatic;
				CURRENT_PROJECT_VERSION = 1;
				DEVELOPMENT_TEAM = 9DDRH8PQPG;
				GENERATE_INFOPLIST_FILE = YES;
				INFOPLIST_FILE = "assessment-bookshelf/Info.plist";
				INFOPLIST_KEY_UIApplicationSupportsIndirectInputEvents = YES;
				INFOPLIST_KEY_UILaunchStoryboardName = LaunchScreen;
				INFOPLIST_KEY_UIMainStoryboardFile = Main;
				INFOPLIST_KEY_UISupportedInterfaceOrientations_iPad = "UIInterfaceOrientationPortrait UIInterfaceOrientationPortraitUpsideDown UIInterfaceOrientationLandscapeLeft UIInterfaceOrientationLandscapeRight";
				INFOPLIST_KEY_UISupportedInterfaceOrientations_iPhone = "UIInterfaceOrientationPortrait UIInterfaceOrientationLandscapeLeft UIInterfaceOrientationLandscapeRight";
				LD_RUNPATH_SEARCH_PATHS = (
					"$(inherited)",
					"@executable_path/Frameworks",
				);
				MARKETING_VERSION = 1.0;
				PRODUCT_BUNDLE_IDENTIFIER = "Darianne-Salinas.assessment-bookshelf";
				PRODUCT_NAME = "$(TARGET_NAME)";
				SWIFT_EMIT_LOC_STRINGS = YES;
				SWIFT_VERSION = 5.0;
				TARGETED_DEVICE_FAMILY = "1,2";
			};
			name = Debug;
		};
		541E361F2837F63300D8B350 /* Release */ = {
			isa = XCBuildConfiguration;
			buildSettings = {
				ASSETCATALOG_COMPILER_APPICON_NAME = AppIcon;
				ASSETCATALOG_COMPILER_GLOBAL_ACCENT_COLOR_NAME = AccentColor;
				CODE_SIGN_STYLE = Automatic;
				CURRENT_PROJECT_VERSION = 1;
				DEVELOPMENT_TEAM = 9DDRH8PQPG;
				GENERATE_INFOPLIST_FILE = YES;
				INFOPLIST_FILE = "assessment-bookshelf/Info.plist";
				INFOPLIST_KEY_UIApplicationSupportsIndirectInputEvents = YES;
				INFOPLIST_KEY_UILaunchStoryboardName = LaunchScreen;
				INFOPLIST_KEY_UIMainStoryboardFile = Main;
				INFOPLIST_KEY_UISupportedInterfaceOrientations_iPad = "UIInterfaceOrientationPortrait UIInterfaceOrientationPortraitUpsideDown UIInterfaceOrientationLandscapeLeft UIInterfaceOrientationLandscapeRight";
				INFOPLIST_KEY_UISupportedInterfaceOrientations_iPhone = "UIInterfaceOrientationPortrait UIInterfaceOrientationLandscapeLeft UIInterfaceOrientationLandscapeRight";
				LD_RUNPATH_SEARCH_PATHS = (
					"$(inherited)",
					"@executable_path/Frameworks",
				);
				MARKETING_VERSION = 1.0;
				PRODUCT_BUNDLE_IDENTIFIER = "Darianne-Salinas.assessment-bookshelf";
				PRODUCT_NAME = "$(TARGET_NAME)";
				SWIFT_EMIT_LOC_STRINGS = YES;
				SWIFT_VERSION = 5.0;
				TARGETED_DEVICE_FAMILY = "1,2";
			};
			name = Release;
		};
/* End XCBuildConfiguration section */

/* Begin XCConfigurationList section */
		541E36042837F63000D8B350 /* Build configuration list for PBXProject "assessment-bookshelf" */ = {
			isa = XCConfigurationList;
			buildConfigurations = (
				541E361B2837F63300D8B350 /* Debug */,
				541E361C2837F63300D8B350 /* Release */,
			);
			defaultConfigurationIsVisible = 0;
			defaultConfigurationName = Release;
		};
		541E361D2837F63300D8B350 /* Build configuration list for PBXNativeTarget "assessment-bookshelf" */ = {
			isa = XCConfigurationList;
			buildConfigurations = (
				541E361E2837F63300D8B350 /* Debug */,
				541E361F2837F63300D8B350 /* Release */,
			);
			defaultConfigurationIsVisible = 0;
			defaultConfigurationName = Release;
		};
/* End XCConfigurationList section */
	};
	rootObject = 541E36012837F63000D8B350 /* Project object */;
}
